
Microsoft Visual Studio Solution File, Format Version 12.00
# Visual Studio Version 16
VisualStudioVersion = 16.0.31729.503
MinimumVisualStudioVersion = 10.0.40219.1
Project("{FAE04EC0-301F-11D3-BF4B-00C04F79EFBC}") = "DevextremeTsTest", "DevextremeTsTest\DevextremeTsTest.csproj", "{2D2D1F43-0533-49CE-AC29-70B96DB19C13}"
EndProject
Global
	GlobalSection(SolutionConfigurationPlatforms) = preSolution
		Debug|Any CPU = Debug|Any CPU
		Release|Any CPU = Release|Any CPU
	EndGlobalSection
	GlobalSection(ProjectConfigurationPlatforms) = postSolution
		{2D2D1F43-0533-49CE-AC29-70B96DB19C13}.Debug|Any CPU.ActiveCfg = Debug|Any CPU
		{2D2D1F43-0533-49CE-AC29-70B96DB19C13}.Debug|Any CPU.Build.0 = Debug|Any CPU
		{2D2D1F43-0533-49CE-AC29-70B96DB19C13}.Release|Any CPU.ActiveCfg = Release|Any CPU
		{2D2D1F43-0533-49CE-AC29-70B96DB19C13}.Release|Any CPU.Build.0 = Release|Any CPU
	EndGlobalSection
	GlobalSection(SolutionProperties) = preSolution
		HideSolutionNode = FALSE
	EndGlobalSection
	GlobalSection(ExtensibilityGlobals) = postSolution
		SolutionGuid = {8FDAFC79-4427-459A-8B29-5D54E3FFA1CB}
	EndGlobalSection
EndGlobal
